
Microsoft Visual Studio Solution File, Format Version 12.00
# Visual Studio 15
VisualStudioVersion = 15.0.27703.2035
MinimumVisualStudioVersion = 10.0.40219.1
Project("{FAE04EC0-301F-11D3-BF4B-00C04F79EFBC}") = "SpanAndFriends", "SpanAndFriends.csproj", "{2D71AA7A-4DBD-4FA8-B9F4-0E42E637747E}"
EndProject
Global
	GlobalSection(SolutionConfigurationPlatforms) = preSolution
		Debug|Any CPU = Debug|Any CPU
		Release|Any CPU = Release|Any CPU
	EndGlobalSection
	GlobalSection(ProjectConfigurationPlatforms) = postSolution
		{2D71AA7A-4DBD-4FA8-B9F4-0E42E637747E}.Debug|Any CPU.ActiveCfg = Debug|Any CPU
		{2D71AA7A-4DBD-4FA8-B9F4-0E42E637747E}.Debug|Any CPU.Build.0 = Debug|Any CPU
		{2D71AA7A-4DBD-4FA8-B9F4-0E42E637747E}.Release|Any CPU.ActiveCfg = Release|Any CPU
		{2D71AA7A-4DBD-4FA8-B9F4-0E42E637747E}.Release|Any CPU.Build.0 = Release|Any CPU
	EndGlobalSection
	GlobalSection(SolutionProperties) = preSolution
		HideSolutionNode = FALSE
	EndGlobalSection
	GlobalSection(ExtensibilityGlobals) = postSolution
		SolutionGuid = {16DAA657-47EC-4639-85C8-C8200F23D82C}
	EndGlobalSection
EndGlobal
